
Microsoft Visual Studio Solution File, Format Version 12.00
# Visual Studio Version 16
VisualStudioVersion = 16.0.28729.10
MinimumVisualStudioVersion = 10.0.40219.1
Project("{FAE04EC0-301F-11D3-BF4B-00C04F79EFBC}") = "GVI.Android", "GVI\GVI.Android\GVI.Android.csproj", "{A3A433FB-1907-4855-BD05-4B0B5DE8B365}"
EndProject
Project("{FAE04EC0-301F-11D3-BF4B-00C04F79EFBC}") = "GVI.iOS", "GVI\GVI.iOS\GVI.iOS.csproj", "{71B8AC91-4D41-4643-8A63-3F19B2D93F06}"
EndProject
Project("{FAE04EC0-301F-11D3-BF4B-00C04F79EFBC}") = "GVI", "GVI\GVI\GVI.csproj", "{002DFD92-EBB9-45F3-9F6E-D8FA48F64A06}"
EndProject
Global
	GlobalSection(SolutionConfigurationPlatforms) = preSolution
		Debug|Any CPU = Debug|Any CPU
		Debug|iPhone = Debug|iPhone
		Debug|iPhoneSimulator = Debug|iPhoneSimulator
		Release|Any CPU = Release|Any CPU
		Release|iPhone = Release|iPhone
		Release|iPhoneSimulator = Release|iPhoneSimulator
	EndGlobalSection
	GlobalSection(ProjectConfigurationPlatforms) = postSolution
		{A3A433FB-1907-4855-BD05-4B0B5DE8B365}.Debug|Any CPU.ActiveCfg = Debug|Any CPU
		{A3A433FB-1907-4855-BD05-4B0B5DE8B365}.Debug|Any CPU.Build.0 = Debug|Any CPU
		{A3A433FB-1907-4855-BD05-4B0B5DE8B365}.Debug|Any CPU.Deploy.0 = Debug|Any CPU
		{A3A433FB-1907-4855-BD05-4B0B5DE8B365}.Debug|iPhone.ActiveCfg = Debug|Any CPU
		{A3A433FB-1907-4855-BD05-4B0B5DE8B365}.Debug|iPhone.Build.0 = Debug|Any CPU
		{A3A433FB-1907-4855-BD05-4B0B5DE8B365}.Debug|iPhone.Deploy.0 = Debug|Any CPU
		{A3A433FB-1907-4855-BD05-4B0B5DE8B365}.Debug|iPhoneSimulator.ActiveCfg = Debug|Any CPU
		{A3A433FB-1907-4855-BD05-4B0B5DE8B365}.Debug|iPhoneSimulator.Build.0 = Debug|Any CPU
		{A3A433FB-1907-4855-BD05-4B0B5DE8B365}.Debug|iPhoneSimulator.Deploy.0 = Debug|Any CPU
		{A3A433FB-1907-4855-BD05-4B0B5DE8B365}.Release|Any CPU.ActiveCfg = Release|Any CPU
		{A3A433FB-1907-4855-BD05-4B0B5DE8B365}.Release|Any CPU.Build.0 = Release|Any CPU
		{A3A433FB-1907-4855-BD05-4B0B5DE8B365}.Release|Any CPU.Deploy.0 = Release|Any CPU
		{A3A433FB-1907-4855-BD05-4B0B5DE8B365}.Release|iPhone.ActiveCfg = Release|Any CPU
		{A3A433FB-1907-4855-BD05-4B0B5DE8B365}.Release|iPhone.Build.0 = Release|Any CPU
		{A3A433FB-1907-4855-BD05-4B0B5DE8B365}.Release|iPhone.Deploy.0 = Release|Any CPU
		{A3A433FB-1907-4855-BD05-4B0B5DE8B365}.Release|iPhoneSimulator.ActiveCfg = Release|Any CPU
		{A3A433FB-1907-4855-BD05-4B0B5DE8B365}.Release|iPhoneSimulator.Build.0 = Release|Any CPU
		{A3A433FB-1907-4855-BD05-4B0B5DE8B365}.Release|iPhoneSimulator.Deploy.0 = Release|Any CPU
		{71B8AC91-4D41-4643-8A63-3F19B2D93F06}.Debug|Any CPU.ActiveCfg = Debug|iPhoneSimulator
		{71B8AC91-4D41-4643-8A63-3F19B2D93F06}.Debug|Any CPU.Build.0 = Debug|iPhoneSimulator
		{71B8AC91-4D41-4643-8A63-3F19B2D93F06}.Debug|Any CPU.Deploy.0 = Debug|iPhoneSimulator
		{71B8AC91-4D41-4643-8A63-3F19B2D93F06}.Debug|iPhone.ActiveCfg = Debug|iPhone
		{71B8AC91-4D41-4643-8A63-3F19B2D93F06}.Debug|iPhone.Build.0 = Debug|iPhone
		{71B8AC91-4D41-4643-8A63-3F19B2D93F06}.Debug|iPhone.Deploy.0 = Debug|iPhone
		{71B8AC91-4D41-4643-8A63-3F19B2D93F06}.Debug|iPhoneSimulator.ActiveCfg = Debug|iPhoneSimulator
		{71B8AC91-4D41-4643-8A63-3F19B2D93F06}.Debug|iPhoneSimulator.Build.0 = Debug|iPhoneSimulator
		{71B8AC91-4D41-4643-8A63-3F19B2D93F06}.Debug|iPhoneSimulator.Deploy.0 = Debug|iPhoneSimulator
		{71B8AC91-4D41-4643-8A63-3F19B2D93F06}.Release|Any CPU.ActiveCfg = Release|iPhone
		{71B8AC91-4D41-4643-8A63-3F19B2D93F06}.Release|Any CPU.Build.0 = Release|iPhone
		{71B8AC91-4D41-4643-8A63-3F19B2D93F06}.Release|Any CPU.Deploy.0 = Release|iPhone
		{71B8AC91-4D41-4643-8A63-3F19B2D93F06}.Release|iPhone.ActiveCfg = Release|iPhone
		{71B8AC91-4D41-4643-8A63-3F19B2D93F06}.Release|iPhone.Build.0 = Release|iPhone
		{71B8AC91-4D41-4643-8A63-3F19B2D93F06}.Release|iPhone.Deploy.0 = Release|iPhone
		{71B8AC91-4D41-4643-8A63-3F19B2D93F06}.Release|iPhoneSimulator.ActiveCfg = Release|iPhoneSimulator
		{71B8AC91-4D41-4643-8A63-3F19B2D93F06}.Release|iPhoneSimulator.Build.0 = Release|iPhoneSimulator
		{71B8AC91-4D41-4643-8A63-3F19B2D93F06}.Release|iPhoneSimulator.Deploy.0 = Release|iPhoneSimulator
		{002DFD92-EBB9-45F3-9F6E-D8FA48F64A06}.Debug|Any CPU.ActiveCfg = Debug|Any CPU
		{002DFD92-EBB9-45F3-9F6E-D8FA48F64A06}.Debug|Any CPU.Build.0 = Debug|Any CPU
		{002DFD92-EBB9-45F3-9F6E-D8FA48F64A06}.Debug|Any CPU.Deploy.0 = Debug|Any CPU
		{002DFD92-EBB9-45F3-9F6E-D8FA48F64A06}.Debug|iPhone.ActiveCfg = Debug|Any CPU
		{002DFD92-EBB9-45F3-9F6E-D8FA48F64A06}.Debug|iPhone.Build.0 = Debug|Any CPU
		{002DFD92-EBB9-45F3-9F6E-D8FA48F64A06}.Debug|iPhone.Deploy.0 = Debug|Any CPU
		{002DFD92-EBB9-45F3-9F6E-D8FA48F64A06}.Debug|iPhoneSimulator.ActiveCfg = Debug|Any CPU
		{002DFD92-EBB9-45F3-9F6E-D8FA48F64A06}.Debug|iPhoneSimulator.Build.0 = Debug|Any CPU
		{002DFD92-EBB9-45F3-9F6E-D8FA48F64A06}.Debug|iPhoneSimulator.Deploy.0 = Debug|Any CPU
		{002DFD92-EBB9-45F3-9F6E-D8FA48F64A06}.Release|Any CPU.ActiveCfg = Release|Any CPU
		{002DFD92-EBB9-45F3-9F6E-D8FA48F64A06}.Release|Any CPU.Build.0 = Release|Any CPU
		{002DFD92-EBB9-45F3-9F6E-D8FA48F64A06}.Release|Any CPU.Deploy.0 = Release|Any CPU
		{002DFD92-EBB9-45F3-9F6E-D8FA48F64A06}.Release|iPhone.ActiveCfg = Release|Any CPU
		{002DFD92-EBB9-45F3-9F6E-D8FA48F64A06}.Release|iPhone.Build.0 = Release|Any CPU
		{002DFD92-EBB9-45F3-9F6E-D8FA48F64A06}.Release|iPhone.Deploy.0 = Release|Any CPU
		{002DFD92-EBB9-45F3-9F6E-D8FA48F64A06}.Release|iPhoneSimulator.ActiveCfg = Release|Any CPU
		{002DFD92-EBB9-45F3-9F6E-D8FA48F64A06}.Release|iPhoneSimulator.Build.0 = Release|Any CPU
		{002DFD92-EBB9-45F3-9F6E-D8FA48F64A06}.Release|iPhoneSimulator.Deploy.0 = Release|Any CPU
	EndGlobalSection
	GlobalSection(SolutionProperties) = preSolution
		HideSolutionNode = FALSE
	EndGlobalSection
	GlobalSection(ExtensibilityGlobals) = postSolution
		SolutionGuid = {E78B37E8-504B-4876-A1D4-9083653DB010}
	EndGlobalSection
EndGlobal
